// !$*UTF8*$!
{
	archiveVersion = 1;
	classes = {
	};
	objectVersion = 51;
	objects = {

/* Begin PBXBuildFile section */
		111E8F56255633A700C6ED25 /* Codable+extensions.swift in Sources */ = {isa = PBXBuildFile; fileRef = 111E8F55255633A700C6ED25 /* Codable+extensions.swift */; };
		112ED6362554FA2200AD4D69 /* PostQueryResult.swift in Sources */ = {isa = PBXBuildFile; fileRef = 112ED6352554FA2200AD4D69 /* PostQueryResult.swift */; };
		112ED63F2555044F00AD4D69 /* User.swift in Sources */ = {isa = PBXBuildFile; fileRef = 112ED63E2555044F00AD4D69 /* User.swift */; };
		112ED642255508A100AD4D69 /* ProfileManager.swift in Sources */ = {isa = PBXBuildFile; fileRef = 112ED641255508A100AD4D69 /* ProfileManager.swift */; };
		112ED65925559AF700AD4D69 /* Post.swift in Sources */ = {isa = PBXBuildFile; fileRef = 112ED65825559AF700AD4D69 /* Post.swift */; };
		115F7D29254FABD600D5EDCD /* AppDelegate.swift in Sources */ = {isa = PBXBuildFile; fileRef = 115F7D28254FABD600D5EDCD /* AppDelegate.swift */; };
		115F7D2B254FABD600D5EDCD /* SceneDelegate.swift in Sources */ = {isa = PBXBuildFile; fileRef = 115F7D2A254FABD600D5EDCD /* SceneDelegate.swift */; };
		115F7D2D254FABD600D5EDCD /* LoginViewController.swift in Sources */ = {isa = PBXBuildFile; fileRef = 115F7D2C254FABD600D5EDCD /* LoginViewController.swift */; };
		115F7D30254FABD600D5EDCD /* Main.storyboard in Resources */ = {isa = PBXBuildFile; fileRef = 115F7D2E254FABD600D5EDCD /* Main.storyboard */; };
		115F7D32254FABD800D5EDCD /* Assets.xcassets in Resources */ = {isa = PBXBuildFile; fileRef = 115F7D31254FABD800D5EDCD /* Assets.xcassets */; };
		115F7D35254FABD800D5EDCD /* LaunchScreen.storyboard in Resources */ = {isa = PBXBuildFile; fileRef = 115F7D33254FABD800D5EDCD /* LaunchScreen.storyboard */; };
		115F7D3E254FAD0D00D5EDCD /* GoogleService-Info.plist in Resources */ = {isa = PBXBuildFile; fileRef = 115F7D3D254FAD0D00D5EDCD /* GoogleService-Info.plist */; };
		115F7D53254FB7F500D5EDCD /* Login.storyboard in Resources */ = {isa = PBXBuildFile; fileRef = 115F7D52254FB7F500D5EDCD /* Login.storyboard */; };
		118D349625507B9800075ED2 /* JWPlayerViewController.swift in Sources */ = {isa = PBXBuildFile; fileRef = 118D349525507B9800075ED2 /* JWPlayerViewController.swift */; };
		118D34B125507D3200075ED2 /* UIKit+extensions.swift in Sources */ = {isa = PBXBuildFile; fileRef = 118D34B025507D3200075ED2 /* UIKit+extensions.swift */; };
		118D34C32550FA3300075ED2 /* localizable.strings in Resources */ = {isa = PBXBuildFile; fileRef = 118D34C22550FA3300075ED2 /* localizable.strings */; };
		118D34C62550FA8500075ED2 /* swiftgen.yml in Resources */ = {isa = PBXBuildFile; fileRef = 118D34C52550FA8500075ED2 /* swiftgen.yml */; };
		118D34CD2550FF0800075ED2 /* L10n-Constants.swift in Sources */ = {isa = PBXBuildFile; fileRef = 118D34CA2550FF0800075ED2 /* L10n-Constants.swift */; };
		118D34CE2550FF0800075ED2 /* StoryboardScenes.swift in Sources */ = {isa = PBXBuildFile; fileRef = 118D34CB2550FF0800075ED2 /* StoryboardScenes.swift */; };
		118D34CF2550FF0800075ED2 /* StoryboardSegues.swift in Sources */ = {isa = PBXBuildFile; fileRef = 118D34CC2550FF0800075ED2 /* StoryboardSegues.swift */; };
		118D34D42551062300075ED2 /* ProfileTableViewController.swift in Sources */ = {isa = PBXBuildFile; fileRef = 118D34D32551062300075ED2 /* ProfileTableViewController.swift */; };
		118D34D72551066C00075ED2 /* ChatViewController.swift in Sources */ = {isa = PBXBuildFile; fileRef = 118D34D62551066C00075ED2 /* ChatViewController.swift */; };
		118D34DB2551068700075ED2 /* SettingsViewController.swift in Sources */ = {isa = PBXBuildFile; fileRef = 118D34DA2551068700075ED2 /* SettingsViewController.swift */; };
		11DE52D32551A151009D5C36 /* FirebaseManager.swift in Sources */ = {isa = PBXBuildFile; fileRef = 11DE52D22551A151009D5C36 /* FirebaseManager.swift */; };
		11DE52E92551B38D009D5C36 /* PostManager.swift in Sources */ = {isa = PBXBuildFile; fileRef = 11DE52E82551B38D009D5C36 /* PostManager.swift */; };
		11DE52EC2551EF78009D5C36 /* ChatTableViewCell.swift in Sources */ = {isa = PBXBuildFile; fileRef = 11DE52EB2551EF78009D5C36 /* ChatTableViewCell.swift */; };
		18A3DEE4C1AF75E0BDABF025 /* Pods_MyJWPChatApp.framework in Frameworks */ = {isa = PBXBuildFile; fileRef = 609FC22350FC8D47D884D7A2 /* Pods_MyJWPChatApp.framework */; };
/* End PBXBuildFile section */

/* Begin PBXFileReference section */
		111E8F55255633A700C6ED25 /* Codable+extensions.swift */ = {isa = PBXFileReference; lastKnownFileType = sourcecode.swift; path = "Codable+extensions.swift"; sourceTree = "<group>"; };
		112ED6352554FA2200AD4D69 /* PostQueryResult.swift */ = {isa = PBXFileReference; lastKnownFileType = sourcecode.swift; path = PostQueryResult.swift; sourceTree = "<group>"; };
		112ED63E2555044F00AD4D69 /* User.swift */ = {isa = PBXFileReference; lastKnownFileType = sourcecode.swift; path = User.swift; sourceTree = "<group>"; };
		112ED641255508A100AD4D69 /* ProfileManager.swift */ = {isa = PBXFileReference; lastKnownFileType = sourcecode.swift; path = ProfileManager.swift; sourceTree = "<group>"; };
		112ED65825559AF700AD4D69 /* Post.swift */ = {isa = PBXFileReference; lastKnownFileType = sourcecode.swift; path = Post.swift; sourceTree = "<group>"; };
		115F7D25254FABD600D5EDCD /* MyJWPChatApp.app */ = {isa = PBXFileReference; explicitFileType = wrapper.application; includeInIndex = 0; path = MyJWPChatApp.app; sourceTree = BUILT_PRODUCTS_DIR; };
		115F7D28254FABD600D5EDCD /* AppDelegate.swift */ = {isa = PBXFileReference; lastKnownFileType = sourcecode.swift; path = AppDelegate.swift; sourceTree = "<group>"; };
		115F7D2A254FABD600D5EDCD /* SceneDelegate.swift */ = {isa = PBXFileReference; lastKnownFileType = sourcecode.swift; path = SceneDelegate.swift; sourceTree = "<group>"; };
		115F7D2C254FABD600D5EDCD /* LoginViewController.swift */ = {isa = PBXFileReference; lastKnownFileType = sourcecode.swift; path = LoginViewController.swift; sourceTree = "<group>"; };
		115F7D2F254FABD600D5EDCD /* Base */ = {isa = PBXFileReference; lastKnownFileType = file.storyboard; name = Base; path = Base.lproj/Main.storyboard; sourceTree = "<group>"; };
		115F7D31254FABD800D5EDCD /* Assets.xcassets */ = {isa = PBXFileReference; lastKnownFileType = folder.assetcatalog; path = Assets.xcassets; sourceTree = "<group>"; };
		115F7D34254FABD800D5EDCD /* Base */ = {isa = PBXFileReference; lastKnownFileType = file.storyboard; name = Base; path = Base.lproj/LaunchScreen.storyboard; sourceTree = "<group>"; };
		115F7D36254FABD800D5EDCD /* Info.plist */ = {isa = PBXFileReference; lastKnownFileType = text.plist.xml; path = Info.plist; sourceTree = "<group>"; };
		115F7D3D254FAD0D00D5EDCD /* GoogleService-Info.plist */ = {isa = PBXFileReference; fileEncoding = 4; lastKnownFileType = text.plist.xml; path = "GoogleService-Info.plist"; sourceTree = "<group>"; };
		115F7D50254FB2FF00D5EDCD /* MyJWPChatApp.entitlements */ = {isa = PBXFileReference; lastKnownFileType = text.plist.entitlements; path = MyJWPChatApp.entitlements; sourceTree = "<group>"; };
		115F7D52254FB7F500D5EDCD /* Login.storyboard */ = {isa = PBXFileReference; lastKnownFileType = file.storyboard; path = Login.storyboard; sourceTree = "<group>"; };
		118D349525507B9800075ED2 /* JWPlayerViewController.swift */ = {isa = PBXFileReference; lastKnownFileType = sourcecode.swift; path = JWPlayerViewController.swift; sourceTree = "<group>"; };
		118D34AB25507CF000075ED2 /* MyJWPChatApp-Bridging-Header.h */ = {isa = PBXFileReference; lastKnownFileType = sourcecode.c.h; path = "MyJWPChatApp-Bridging-Header.h"; sourceTree = "<group>"; };
		118D34B025507D3200075ED2 /* UIKit+extensions.swift */ = {isa = PBXFileReference; lastKnownFileType = sourcecode.swift; path = "UIKit+extensions.swift"; sourceTree = "<group>"; };
		118D34C22550FA3300075ED2 /* localizable.strings */ = {isa = PBXFileReference; fileEncoding = 4; lastKnownFileType = text.plist.strings; path = localizable.strings; sourceTree = "<group>"; };
		118D34C52550FA8500075ED2 /* swiftgen.yml */ = {isa = PBXFileReference; fileEncoding = 4; lastKnownFileType = text.yaml; path = swiftgen.yml; sourceTree = "<group>"; };
		118D34CA2550FF0800075ED2 /* L10n-Constants.swift */ = {isa = PBXFileReference; fileEncoding = 4; lastKnownFileType = sourcecode.swift; path = "L10n-Constants.swift"; sourceTree = "<group>"; };
		118D34CB2550FF0800075ED2 /* StoryboardScenes.swift */ = {isa = PBXFileReference; fileEncoding = 4; lastKnownFileType = sourcecode.swift; path = StoryboardScenes.swift; sourceTree = "<group>"; };
		118D34CC2550FF0800075ED2 /* StoryboardSegues.swift */ = {isa = PBXFileReference; fileEncoding = 4; lastKnownFileType = sourcecode.swift; path = StoryboardSegues.swift; sourceTree = "<group>"; };
		118D34D32551062300075ED2 /* ProfileTableViewController.swift */ = {isa = PBXFileReference; lastKnownFileType = sourcecode.swift; path = ProfileTableViewController.swift; sourceTree = "<group>"; };
		118D34D62551066C00075ED2 /* ChatViewController.swift */ = {isa = PBXFileReference; lastKnownFileType = sourcecode.swift; path = ChatViewController.swift; sourceTree = "<group>"; };
		118D34DA2551068700075ED2 /* SettingsViewController.swift */ = {isa = PBXFileReference; lastKnownFileType = sourcecode.swift; path = SettingsViewController.swift; sourceTree = "<group>"; };
		11DE52D22551A151009D5C36 /* FirebaseManager.swift */ = {isa = PBXFileReference; lastKnownFileType = sourcecode.swift; path = FirebaseManager.swift; sourceTree = "<group>"; };
		11DE52E82551B38D009D5C36 /* PostManager.swift */ = {isa = PBXFileReference; lastKnownFileType = sourcecode.swift; path = PostManager.swift; sourceTree = "<group>"; };
		11DE52EB2551EF78009D5C36 /* ChatTableViewCell.swift */ = {isa = PBXFileReference; lastKnownFileType = sourcecode.swift; path = ChatTableViewCell.swift; sourceTree = "<group>"; };
		34D6247840C3EDCA853F2301 /* Pods-MyJWPChatApp.debug.xcconfig */ = {isa = PBXFileReference; includeInIndex = 1; lastKnownFileType = text.xcconfig; name = "Pods-MyJWPChatApp.debug.xcconfig"; path = "Target Support Files/Pods-MyJWPChatApp/Pods-MyJWPChatApp.debug.xcconfig"; sourceTree = "<group>"; };
		609FC22350FC8D47D884D7A2 /* Pods_MyJWPChatApp.framework */ = {isa = PBXFileReference; explicitFileType = wrapper.framework; includeInIndex = 0; path = Pods_MyJWPChatApp.framework; sourceTree = BUILT_PRODUCTS_DIR; };
		EAE1FE5D7ACC3D6165696CF0 /* Pods-MyJWPChatApp.release.xcconfig */ = {isa = PBXFileReference; includeInIndex = 1; lastKnownFileType = text.xcconfig; name = "Pods-MyJWPChatApp.release.xcconfig"; path = "Target Support Files/Pods-MyJWPChatApp/Pods-MyJWPChatApp.release.xcconfig"; sourceTree = "<group>"; };
/* End PBXFileReference section */

/* Begin PBXFrameworksBuildPhase section */
		115F7D22254FABD600D5EDCD /* Frameworks */ = {
			isa = PBXFrameworksBuildPhase;
			buildActionMask = 2147483647;
			files = (
				18A3DEE4C1AF75E0BDABF025 /* Pods_MyJWPChatApp.framework in Frameworks */,
			);
			runOnlyForDeploymentPostprocessing = 0;
		};
/* End PBXFrameworksBuildPhase section */

/* Begin PBXGroup section */
		112ED6392555041100AD4D69 /* Authentication */ = {
			isa = PBXGroup;
			children = (
				112ED63E2555044F00AD4D69 /* User.swift */,
				112ED641255508A100AD4D69 /* ProfileManager.swift */,
			);
			path = Authentication;
			sourceTree = "<group>";
		};
		115F7D1C254FABD600D5EDCD = {
			isa = PBXGroup;
			children = (
				118D34C52550FA8500075ED2 /* swiftgen.yml */,
				115F7D27254FABD600D5EDCD /* MyJWPChatApp */,
				115F7D26254FABD600D5EDCD /* Products */,
				BEAB4C4C3B99DA13B196106E /* Pods */,
				E4D3B2A6EEF9C917686FA954 /* Frameworks */,
			);
			sourceTree = "<group>";
		};
		115F7D26254FABD600D5EDCD /* Products */ = {
			isa = PBXGroup;
			children = (
				115F7D25254FABD600D5EDCD /* MyJWPChatApp.app */,
			);
			name = Products;
			sourceTree = "<group>";
		};
		115F7D27254FABD600D5EDCD /* MyJWPChatApp */ = {
			isa = PBXGroup;
			children = (
				115F7D50254FB2FF00D5EDCD /* MyJWPChatApp.entitlements */,
				115F7D28254FABD600D5EDCD /* AppDelegate.swift */,
				115F7D2A254FABD600D5EDCD /* SceneDelegate.swift */,
				118D34BB2550F95900075ED2 /* ViewControllers */,
				11DE52D125519FEB009D5C36 /* Backend */,
				112ED6392555041100AD4D69 /* Authentication */,
				118D34C82550FAA200075ED2 /* SupportingCode */,
				115F7D52254FB7F500D5EDCD /* Login.storyboard */,
				115F7D2E254FABD600D5EDCD /* Main.storyboard */,
				115F7D31254FABD800D5EDCD /* Assets.xcassets */,
				115F7D33254FABD800D5EDCD /* LaunchScreen.storyboard */,
				115F7D36254FABD800D5EDCD /* Info.plist */,
				115F7D3D254FAD0D00D5EDCD /* GoogleService-Info.plist */,
				118D34AB25507CF000075ED2 /* MyJWPChatApp-Bridging-Header.h */,
			);
			path = MyJWPChatApp;
			sourceTree = "<group>";
		};
		118D34BB2550F95900075ED2 /* ViewControllers */ = {
			isa = PBXGroup;
			children = (
				115F7D2C254FABD600D5EDCD /* LoginViewController.swift */,
				118D34D32551062300075ED2 /* ProfileTableViewController.swift */,
				118D34D62551066C00075ED2 /* ChatViewController.swift */,
				11DE52EB2551EF78009D5C36 /* ChatTableViewCell.swift */,
				118D34DA2551068700075ED2 /* SettingsViewController.swift */,
				118D349525507B9800075ED2 /* JWPlayerViewController.swift */,
			);
			path = ViewControllers;
			sourceTree = "<group>";
		};
		118D34BD2550F96600075ED2 /* Extensions */ = {
			isa = PBXGroup;
			children = (
				118D34B025507D3200075ED2 /* UIKit+extensions.swift */,
				111E8F55255633A700C6ED25 /* Codable+extensions.swift */,
			);
			path = Extensions;
			sourceTree = "<group>";
		};
		118D34BF2550F9F800075ED2 /* SwiftGenFiles */ = {
			isa = PBXGroup;
			children = (
				118D34C12550FA2200075ED2 /* Generated */,
				118D34C02550FA1B00075ED2 /* Resources */,
			);
			path = SwiftGenFiles;
			sourceTree = "<group>";
		};
		118D34C02550FA1B00075ED2 /* Resources */ = {
			isa = PBXGroup;
			children = (
				118D34C22550FA3300075ED2 /* localizable.strings */,
			);
			path = Resources;
			sourceTree = "<group>";
		};
		118D34C12550FA2200075ED2 /* Generated */ = {
			isa = PBXGroup;
			children = (
				118D34CA2550FF0800075ED2 /* L10n-Constants.swift */,
				118D34CB2550FF0800075ED2 /* StoryboardScenes.swift */,
				118D34CC2550FF0800075ED2 /* StoryboardSegues.swift */,
			);
			path = Generated;
			sourceTree = "<group>";
		};
		118D34C82550FAA200075ED2 /* SupportingCode */ = {
			isa = PBXGroup;
			children = (
				118D34BD2550F96600075ED2 /* Extensions */,
				118D34BF2550F9F800075ED2 /* SwiftGenFiles */,
			);
			path = SupportingCode;
			sourceTree = "<group>";
		};
		11DE52D125519FEB009D5C36 /* Backend */ = {
			isa = PBXGroup;
			children = (
				11DE52D22551A151009D5C36 /* FirebaseManager.swift */,
				11DE52E82551B38D009D5C36 /* PostManager.swift */,
				112ED65825559AF700AD4D69 /* Post.swift */,
				112ED6352554FA2200AD4D69 /* PostQueryResult.swift */,
			);
			path = Backend;
			sourceTree = "<group>";
		};
		BEAB4C4C3B99DA13B196106E /* Pods */ = {
			isa = PBXGroup;
			children = (
				34D6247840C3EDCA853F2301 /* Pods-MyJWPChatApp.debug.xcconfig */,
				EAE1FE5D7ACC3D6165696CF0 /* Pods-MyJWPChatApp.release.xcconfig */,
			);
			path = Pods;
			sourceTree = "<group>";
		};
		E4D3B2A6EEF9C917686FA954 /* Frameworks */ = {
			isa = PBXGroup;
			children = (
				609FC22350FC8D47D884D7A2 /* Pods_MyJWPChatApp.framework */,
			);
			name = Frameworks;
			sourceTree = "<group>";
		};
/* End PBXGroup section */

/* Begin PBXNativeTarget section */
		115F7D24254FABD600D5EDCD /* MyJWPChatApp */ = {
			isa = PBXNativeTarget;
			buildConfigurationList = 115F7D39254FABD800D5EDCD /* Build configuration list for PBXNativeTarget "MyJWPChatApp" */;
			buildPhases = (
				088686E10BCE774A96D6AD36 /* [CP] Check Pods Manifest.lock */,
				115F7D21254FABD600D5EDCD /* Sources */,
				115F7D22254FABD600D5EDCD /* Frameworks */,
				115F7D23254FABD600D5EDCD /* Resources */,
				32388A26E03A09DC2F7CEC8D /* [CP] Embed Pods Frameworks */,
			);
			buildRules = (
			);
			dependencies = (
			);
			name = MyJWPChatApp;
			productName = MyJWPChatApp;
			productReference = 115F7D25254FABD600D5EDCD /* MyJWPChatApp.app */;
			productType = "com.apple.product-type.application";
		};
/* End PBXNativeTarget section */

/* Begin PBXProject section */
		115F7D1D254FABD600D5EDCD /* Project object */ = {
			isa = PBXProject;
			attributes = {
				LastSwiftUpdateCheck = 1210;
				LastUpgradeCheck = 1210;
				TargetAttributes = {
					115F7D24254FABD600D5EDCD = {
						CreatedOnToolsVersion = 12.1;
						LastSwiftMigration = 1210;
					};
				};
			};
			buildConfigurationList = 115F7D20254FABD600D5EDCD /* Build configuration list for PBXProject "MyJWPChatApp" */;
			compatibilityVersion = "Xcode 9.3";
			developmentRegion = en;
			hasScannedForEncodings = 0;
			knownRegions = (
				en,
				Base,
			);
			mainGroup = 115F7D1C254FABD600D5EDCD;
			productRefGroup = 115F7D26254FABD600D5EDCD /* Products */;
			projectDirPath = "";
			projectRoot = "";
			targets = (
				115F7D24254FABD600D5EDCD /* MyJWPChatApp */,
			);
		};
/* End PBXProject section */

/* Begin PBXResourcesBuildPhase section */
		115F7D23254FABD600D5EDCD /* Resources */ = {
			isa = PBXResourcesBuildPhase;
			buildActionMask = 2147483647;
			files = (
				115F7D35254FABD800D5EDCD /* LaunchScreen.storyboard in Resources */,
				118D34C62550FA8500075ED2 /* swiftgen.yml in Resources */,
				115F7D3E254FAD0D00D5EDCD /* GoogleService-Info.plist in Resources */,
				115F7D32254FABD800D5EDCD /* Assets.xcassets in Resources */,
				118D34C32550FA3300075ED2 /* localizable.strings in Resources */,
				115F7D53254FB7F500D5EDCD /* Login.storyboard in Resources */,
				115F7D30254FABD600D5EDCD /* Main.storyboard in Resources */,
			);
			runOnlyForDeploymentPostprocessing = 0;
		};
/* End PBXResourcesBuildPhase section */

/* Begin PBXShellScriptBuildPhase section */
		088686E10BCE774A96D6AD36 /* [CP] Check Pods Manifest.lock */ = {
			isa = PBXShellScriptBuildPhase;
			buildActionMask = 2147483647;
			files = (
			);
			inputFileListPaths = (
			);
			inputPaths = (
				"${PODS_PODFILE_DIR_PATH}/Podfile.lock",
				"${PODS_ROOT}/Manifest.lock",
			);
			name = "[CP] Check Pods Manifest.lock";
			outputFileListPaths = (
			);
			outputPaths = (
				"$(DERIVED_FILE_DIR)/Pods-MyJWPChatApp-checkManifestLockResult.txt",
			);
			runOnlyForDeploymentPostprocessing = 0;
			shellPath = /bin/sh;
			shellScript = "diff \"${PODS_PODFILE_DIR_PATH}/Podfile.lock\" \"${PODS_ROOT}/Manifest.lock\" > /dev/null\nif [ $? != 0 ] ; then\n    # print error to STDERR\n    echo \"error: The sandbox is not in sync with the Podfile.lock. Run 'pod install' or update your CocoaPods installation.\" >&2\n    exit 1\nfi\n# This output is used by Xcode 'outputs' to avoid re-running this script phase.\necho \"SUCCESS\" > \"${SCRIPT_OUTPUT_FILE_0}\"\n";
			showEnvVarsInLog = 0;
		};
		32388A26E03A09DC2F7CEC8D /* [CP] Embed Pods Frameworks */ = {
			isa = PBXShellScriptBuildPhase;
			buildActionMask = 2147483647;
			files = (
			);
			inputFileListPaths = (
				"${PODS_ROOT}/Target Support Files/Pods-MyJWPChatApp/Pods-MyJWPChatApp-frameworks-${CONFIGURATION}-input-files.xcfilelist",
			);
			name = "[CP] Embed Pods Frameworks";
			outputFileListPaths = (
				"${PODS_ROOT}/Target Support Files/Pods-MyJWPChatApp/Pods-MyJWPChatApp-frameworks-${CONFIGURATION}-output-files.xcfilelist",
			);
			runOnlyForDeploymentPostprocessing = 0;
			shellPath = /bin/sh;
			shellScript = "\"${PODS_ROOT}/Target Support Files/Pods-MyJWPChatApp/Pods-MyJWPChatApp-frameworks.sh\"\n";
			showEnvVarsInLog = 0;
		};
/* End PBXShellScriptBuildPhase section */

/* Begin PBXSourcesBuildPhase section */
		115F7D21254FABD600D5EDCD /* Sources */ = {
			isa = PBXSourcesBuildPhase;
			buildActionMask = 2147483647;
			files = (
				11DE52D32551A151009D5C36 /* FirebaseManager.swift in Sources */,
				118D34D42551062300075ED2 /* ProfileTableViewController.swift in Sources */,
				118D34B125507D3200075ED2 /* UIKit+extensions.swift in Sources */,
				118D34DB2551068700075ED2 /* SettingsViewController.swift in Sources */,
				112ED63F2555044F00AD4D69 /* User.swift in Sources */,
				118D349625507B9800075ED2 /* JWPlayerViewController.swift in Sources */,
				115F7D2D254FABD600D5EDCD /* LoginViewController.swift in Sources */,
				118D34CE2550FF0800075ED2 /* StoryboardScenes.swift in Sources */,
				11DE52E92551B38D009D5C36 /* PostManager.swift in Sources */,
				115F7D29254FABD600D5EDCD /* AppDelegate.swift in Sources */,
				118D34CD2550FF0800075ED2 /* L10n-Constants.swift in Sources */,
				111E8F56255633A700C6ED25 /* Codable+extensions.swift in Sources */,
				118D34CF2550FF0800075ED2 /* StoryboardSegues.swift in Sources */,
				112ED642255508A100AD4D69 /* ProfileManager.swift in Sources */,
				112ED6362554FA2200AD4D69 /* PostQueryResult.swift in Sources */,
				11DE52EC2551EF78009D5C36 /* ChatTableViewCell.swift in Sources */,
				112ED65925559AF700AD4D69 /* Post.swift in Sources */,
				118D34D72551066C00075ED2 /* ChatViewController.swift in Sources */,
				115F7D2B254FABD600D5EDCD /* SceneDelegate.swift in Sources */,
			);
			runOnlyForDeploymentPostprocessing = 0;
		};
/* End PBXSourcesBuildPhase section */

/* Begin PBXVariantGroup section */
		115F7D2E254FABD600D5EDCD /* Main.storyboard */ = {
			isa = PBXVariantGroup;
			children = (
				115F7D2F254FABD600D5EDCD /* Base */,
			);
			name = Main.storyboard;
			sourceTree = "<group>";
		};
		115F7D33254FABD800D5EDCD /* LaunchScreen.storyboard */ = {
			isa = PBXVariantGroup;
			children = (
				115F7D34254FABD800D5EDCD /* Base */,
			);
			name = LaunchScreen.storyboard;
			sourceTree = "<group>";
		};
/* End PBXVariantGroup section */

/* Begin XCBuildConfiguration section */
		115F7D37254FABD800D5EDCD /* Debug */ = {
			isa = XCBuildConfiguration;
			buildSettings = {
				ALWAYS_SEARCH_USER_PATHS = NO;
				CLANG_ANALYZER_NONNULL = YES;
				CLANG_ANALYZER_NUMBER_OBJECT_CONVERSION = YES_AGGRESSIVE;
				CLANG_CXX_LANGUAGE_STANDARD = "gnu++14";
				CLANG_CXX_LIBRARY = "libc++";
				CLANG_ENABLE_MODULES = YES;
				CLANG_ENABLE_OBJC_ARC = YES;
				CLANG_ENABLE_OBJC_WEAK = YES;
				CLANG_WARN_BLOCK_CAPTURE_AUTORELEASING = YES;
				CLANG_WARN_BOOL_CONVERSION = YES;
				CLANG_WARN_COMMA = YES;
				CLANG_WARN_CONSTANT_CONVERSION = YES;
				CLANG_WARN_DEPRECATED_OBJC_IMPLEMENTATIONS = YES;
				CLANG_WARN_DIRECT_OBJC_ISA_USAGE = YES_ERROR;
				CLANG_WARN_DOCUMENTATION_COMMENTS = YES;
				CLANG_WARN_EMPTY_BODY = YES;
				CLANG_WARN_ENUM_CONVERSION = YES;
				CLANG_WARN_INFINITE_RECURSION = YES;
				CLANG_WARN_INT_CONVERSION = YES;
				CLANG_WARN_NON_LITERAL_NULL_CONVERSION = YES;
				CLANG_WARN_OBJC_IMPLICIT_RETAIN_SELF = YES;
				CLANG_WARN_OBJC_LITERAL_CONVERSION = YES;
				CLANG_WARN_OBJC_ROOT_CLASS = YES_ERROR;
				CLANG_WARN_QUOTED_INCLUDE_IN_FRAMEWORK_HEADER = YES;
				CLANG_WARN_RANGE_LOOP_ANALYSIS = YES;
				CLANG_WARN_STRICT_PROTOTYPES = YES;
				CLANG_WARN_SUSPICIOUS_MOVE = YES;
				CLANG_WARN_UNGUARDED_AVAILABILITY = YES_AGGRESSIVE;
				CLANG_WARN_UNREACHABLE_CODE = YES;
				CLANG_WARN__DUPLICATE_METHOD_MATCH = YES;
				COPY_PHASE_STRIP = NO;
				DEBUG_INFORMATION_FORMAT = dwarf;
				ENABLE_STRICT_OBJC_MSGSEND = YES;
				ENABLE_TESTABILITY = YES;
				GCC_C_LANGUAGE_STANDARD = gnu11;
				GCC_DYNAMIC_NO_PIC = NO;
				GCC_NO_COMMON_BLOCKS = YES;
				GCC_OPTIMIZATION_LEVEL = 0;
				GCC_PREPROCESSOR_DEFINITIONS = (
					"DEBUG=1",
					"$(inherited)",
				);
				GCC_WARN_64_TO_32_BIT_CONVERSION = YES;
				GCC_WARN_ABOUT_RETURN_TYPE = YES_ERROR;
				GCC_WARN_UNDECLARED_SELECTOR = YES;
				GCC_WARN_UNINITIALIZED_AUTOS = YES_AGGRESSIVE;
				GCC_WARN_UNUSED_FUNCTION = YES;
				GCC_WARN_UNUSED_VARIABLE = YES;
				IPHONEOS_DEPLOYMENT_TARGET = 14.1;
				MTL_ENABLE_DEBUG_INFO = INCLUDE_SOURCE;
				MTL_FAST_MATH = YES;
				ONLY_ACTIVE_ARCH = YES;
				SDKROOT = iphoneos;
				SWIFT_ACTIVE_COMPILATION_CONDITIONS = DEBUG;
				SWIFT_OPTIMIZATION_LEVEL = "-Onone";
			};
			name = Debug;
		};
		115F7D38254FABD800D5EDCD /* Release */ = {
			isa = XCBuildConfiguration;
			buildSettings = {
				ALWAYS_SEARCH_USER_PATHS = NO;
				CLANG_ANALYZER_NONNULL = YES;
				CLANG_ANALYZER_NUMBER_OBJECT_CONVERSION = YES_AGGRESSIVE;
				CLANG_CXX_LANGUAGE_STANDARD = "gnu++14";
				CLANG_CXX_LIBRARY = "libc++";
				CLANG_ENABLE_MODULES = YES;
				CLANG_ENABLE_OBJC_ARC = YES;
				CLANG_ENABLE_OBJC_WEAK = YES;
				CLANG_WARN_BLOCK_CAPTURE_AUTORELEASING = YES;
				CLANG_WARN_BOOL_CONVERSION = YES;
				CLANG_WARN_COMMA = YES;
				CLANG_WARN_CONSTANT_CONVERSION = YES;
				CLANG_WARN_DEPRECATED_OBJC_IMPLEMENTATIONS = YES;
				CLANG_WARN_DIRECT_OBJC_ISA_USAGE = YES_ERROR;
				CLANG_WARN_DOCUMENTATION_COMMENTS = YES;
				CLANG_WARN_EMPTY_BODY = YES;
				CLANG_WARN_ENUM_CONVERSION = YES;
				CLANG_WARN_INFINITE_RECURSION = YES;
				CLANG_WARN_INT_CONVERSION = YES;
				CLANG_WARN_NON_LITERAL_NULL_CONVERSION = YES;
				CLANG_WARN_OBJC_IMPLICIT_RETAIN_SELF = YES;
				CLANG_WARN_OBJC_LITERAL_CONVERSION = YES;
				CLANG_WARN_OBJC_ROOT_CLASS = YES_ERROR;
				CLANG_WARN_QUOTED_INCLUDE_IN_FRAMEWORK_HEADER = YES;
				CLANG_WARN_RANGE_LOOP_ANALYSIS = YES;
				CLANG_WARN_STRICT_PROTOTYPES = YES;
				CLANG_WARN_SUSPICIOUS_MOVE = YES;
				CLANG_WARN_UNGUARDED_AVAILABILITY = YES_AGGRESSIVE;
				CLANG_WARN_UNREACHABLE_CODE = YES;
				CLANG_WARN__DUPLICATE_METHOD_MATCH = YES;
				COPY_PHASE_STRIP = NO;
				DEBUG_INFORMATION_FORMAT = "dwarf-with-dsym";
				ENABLE_NS_ASSERTIONS = NO;
				ENABLE_STRICT_OBJC_MSGSEND = YES;
				GCC_C_LANGUAGE_STANDARD = gnu11;
				GCC_NO_COMMON_BLOCKS = YES;
				GCC_WARN_64_TO_32_BIT_CONVERSION = YES;
				GCC_WARN_ABOUT_RETURN_TYPE = YES_ERROR;
				GCC_WARN_UNDECLARED_SELECTOR = YES;
				GCC_WARN_UNINITIALIZED_AUTOS = YES_AGGRESSIVE;
				GCC_WARN_UNUSED_FUNCTION = YES;
				GCC_WARN_UNUSED_VARIABLE = YES;
				IPHONEOS_DEPLOYMENT_TARGET = 14.1;
				MTL_ENABLE_DEBUG_INFO = NO;
				MTL_FAST_MATH = YES;
				SDKROOT = iphoneos;
				SWIFT_COMPILATION_MODE = wholemodule;
				SWIFT_OPTIMIZATION_LEVEL = "-O";
				VALIDATE_PRODUCT = YES;
			};
			name = Release;
		};
		115F7D3A254FABD800D5EDCD /* Debug */ = {
			isa = XCBuildConfiguration;
			baseConfigurationReference = 34D6247840C3EDCA853F2301 /* Pods-MyJWPChatApp.debug.xcconfig */;
			buildSettings = {
				ASSETCATALOG_COMPILER_APPICON_NAME = AppIcon;
				ASSETCATALOG_COMPILER_GLOBAL_ACCENT_COLOR_NAME = AccentColor;
				CLANG_ENABLE_MODULES = YES;
				CODE_SIGN_ENTITLEMENTS = MyJWPChatApp/MyJWPChatApp.entitlements;
				CODE_SIGN_STYLE = Automatic;
				DEVELOPMENT_TEAM = 8VC65F749H;
				INFOPLIST_FILE = MyJWPChatApp/Info.plist;
				LD_RUNPATH_SEARCH_PATHS = (
					"$(inherited)",
					"@executable_path/Frameworks",
				);
				PRODUCT_BUNDLE_IDENTIFIER = com.blickstein.jwplayer.plus.chat.poc.MyJWPChatApp;
				PRODUCT_NAME = "$(TARGET_NAME)";
				SWIFT_OBJC_BRIDGING_HEADER = "MyJWPChatApp/MyJWPChatApp-Bridging-Header.h";
				SWIFT_OPTIMIZATION_LEVEL = "-Onone";
				SWIFT_VERSION = 5.0;
				TARGETED_DEVICE_FAMILY = "1,2";
			};
			name = Debug;
		};
		115F7D3B254FABD800D5EDCD /* Release */ = {
			isa = XCBuildConfiguration;
			baseConfigurationReference = EAE1FE5D7ACC3D6165696CF0 /* Pods-MyJWPChatApp.release.xcconfig */;
			buildSettings = {
				ASSETCATALOG_COMPILER_APPICON_NAME = AppIcon;
				ASSETCATALOG_COMPILER_GLOBAL_ACCENT_COLOR_NAME = AccentColor;
				CLANG_ENABLE_MODULES = YES;
				CODE_SIGN_ENTITLEMENTS = MyJWPChatApp/MyJWPChatApp.entitlements;
				CODE_SIGN_STYLE = Automatic;
				DEVELOPMENT_TEAM = 8VC65F749H;
				INFOPLIST_FILE = MyJWPChatApp/Info.plist;
				LD_RUNPATH_SEARCH_PATHS = (
					"$(inherited)",
					"@executable_path/Frameworks",
				);
				PRODUCT_BUNDLE_IDENTIFIER = com.blickstein.jwplayer.plus.chat.poc.MyJWPChatApp;
				PRODUCT_NAME = "$(TARGET_NAME)";
				SWIFT_OBJC_BRIDGING_HEADER = "MyJWPChatApp/MyJWPChatApp-Bridging-Header.h";
				SWIFT_VERSION = 5.0;
				TARGETED_DEVICE_FAMILY = "1,2";
			};
			name = Release;
		};
/* End XCBuildConfiguration section */

/* Begin XCConfigurationList section */
		115F7D20254FABD600D5EDCD /* Build configuration list for PBXProject "MyJWPChatApp" */ = {
			isa = XCConfigurationList;
			buildConfigurations = (
				115F7D37254FABD800D5EDCD /* Debug */,
				115F7D38254FABD800D5EDCD /* Release */,
			);
			defaultConfigurationIsVisible = 0;
			defaultConfigurationName = Release;
		};
		115F7D39254FABD800D5EDCD /* Build configuration list for PBXNativeTarget "MyJWPChatApp" */ = {
			isa = XCConfigurationList;
			buildConfigurations = (
				115F7D3A254FABD800D5EDCD /* Debug */,
				115F7D3B254FABD800D5EDCD /* Release */,
			);
			defaultConfigurationIsVisible = 0;
			defaultConfigurationName = Release;
		};
/* End XCConfigurationList section */
	};
	rootObject = 115F7D1D254FABD600D5EDCD /* Project object */;
}
